
Microsoft Visual Studio Solution File, Format Version 12.00
# Visual Studio Version 16
VisualStudioVersion = 16.0.31624.102
MinimumVisualStudioVersion = 10.0.40219.1
Project("{8BC9CEB8-8B4A-11D0-8D11-00A0C91BC942}") = "IntroductionToOOP", "IntroductionToOOP\IntroductionToOOP.vcxproj", "{912F2824-8495-4F99-AED2-8DD7852FEECE}"
EndProject
Project("{8BC9CEB8-8B4A-11D0-8D11-00A0C91BC942}") = "String", "String\String.vcxproj", "{58CEEA25-A161-4A94-BD92-67270917277F}"
EndProject
Global
	GlobalSection(SolutionConfigurationPlatforms) = preSolution
		Debug|x64 = Debug|x64
		Debug|x86 = Debug|x86
		Release|x64 = Release|x64
		Release|x86 = Release|x86
	EndGlobalSection
	GlobalSection(ProjectConfigurationPlatforms) = postSolution
		{912F2824-8495-4F99-AED2-8DD7852FEECE}.Debug|x64.ActiveCfg = Debug|x64
		{912F2824-8495-4F99-AED2-8DD7852FEECE}.Debug|x64.Build.0 = Debug|x64
		{912F2824-8495-4F99-AED2-8DD7852FEECE}.Debug|x86.ActiveCfg = Debug|Win32
		{912F2824-8495-4F99-AED2-8DD7852FEECE}.Debug|x86.Build.0 = Debug|Win32
		{912F2824-8495-4F99-AED2-8DD7852FEECE}.Release|x64.ActiveCfg = Release|x64
		{912F2824-8495-4F99-AED2-8DD7852FEECE}.Release|x64.Build.0 = Release|x64
		{912F2824-8495-4F99-AED2-8DD7852FEECE}.Release|x86.ActiveCfg = Release|Win32
		{912F2824-8495-4F99-AED2-8DD7852FEECE}.Release|x86.Build.0 = Release|Win32
		{58CEEA25-A161-4A94-BD92-67270917277F}.Debug|x64.ActiveCfg = Debug|x64
		{58CEEA25-A161-4A94-BD92-67270917277F}.Debug|x64.Build.0 = Debug|x64
		{58CEEA25-A161-4A94-BD92-67270917277F}.Debug|x86.ActiveCfg = Debug|Win32
		{58CEEA25-A161-4A94-BD92-67270917277F}.Debug|x86.Build.0 = Debug|Win32
		{58CEEA25-A161-4A94-BD92-67270917277F}.Release|x64.ActiveCfg = Release|x64
		{58CEEA25-A161-4A94-BD92-67270917277F}.Release|x64.Build.0 = Release|x64
		{58CEEA25-A161-4A94-BD92-67270917277F}.Release|x86.ActiveCfg = Release|Win32
		{58CEEA25-A161-4A94-BD92-67270917277F}.Release|x86.Build.0 = Release|Win32
	EndGlobalSection
	GlobalSection(SolutionProperties) = preSolution
		HideSolutionNode = FALSE
	EndGlobalSection
	GlobalSection(ExtensibilityGlobals) = postSolution
		SolutionGuid = {456CBBCC-F91E-47CE-9A3F-7CD1A791FFE7}
	EndGlobalSection
EndGlobal
